# This file is autogenerated, do not edit; changes may be undone by the next 'dep ensure'.


[[projects]]
  branch = "master"
  name = "github.com/ulrichSchreiner/go-elevations"
  packages = ["geoelevations"]
  revision = "3ebbb34305b12405d4e6fe143b89fa4894aad254"

[solve-meta]
  analyzer-name = "dep"
  analyzer-version = 1
  inputs-digest = "f4ba8567eb2d0d31126b703e2ca4555fe724473f882441d587da437718aef217"
  solver-name = "gps-cdcl"
  solver-version = 1
